{
  "name": "demo-app",
  "lockfileVersion": 3,
  "packages": {
    "": {
      "name": "demo-app",
      "dependencies": {"lodash": "^4.17.21"},
      "devDependencies": {"jest": "^29.0.0"}
    },
    "node_modules/lodash": {"version": "4.17.21"},
    "node_modules/jest": {"version": "29.7.0"},
    "node_modules/jest/node_modules/chalk": {"version": "4.1.2"}
  }
}
